// !$*UTF8*$!
{
	archiveVersion = 1;
	classes = {
	};
	objectVersion = 56;
	objects = {

/* Begin PBXBuildFile section */
		0671BED42BBC6F5E007FDE13 /* Aula03_desafio_simbolosApp.swift in Sources */ = {isa = PBXBuildFile; fileRef = 0671BED32BBC6F5E007FDE13 /* Aula03_desafio_simbolosApp.swift */; };
		0671BED62BBC6F5E007FDE13 /* ContentView.swift in Sources */ = {isa = PBXBuildFile; fileRef = 0671BED52BBC6F5E007FDE13 /* ContentView.swift */; };
		0671BED82BBC6F60007FDE13 /* Assets.xcassets in Resources */ = {isa = PBXBuildFile; fileRef = 0671BED72BBC6F60007FDE13 /* Assets.xcassets */; };
		0671BEDB2BBC6F60007FDE13 /* Preview Assets.xcassets in Resources */ = {isa = PBXBuildFile; fileRef = 0671BEDA2BBC6F60007FDE13 /* Preview Assets.xcassets */; };
		0671BEE22BBC7465007FDE13 /* Tela1.swift in Sources */ = {isa = PBXBuildFile; fileRef = 0671BEE12BBC7465007FDE13 /* Tela1.swift */; };
		0671BEE42BBC75C8007FDE13 /* Tela2.swift in Sources */ = {isa = PBXBuildFile; fileRef = 0671BEE32BBC75C8007FDE13 /* Tela2.swift */; };
		0671BEE62BBC75FC007FDE13 /* Tela3.swift in Sources */ = {isa = PBXBuildFile; fileRef = 0671BEE52BBC75FC007FDE13 /* Tela3.swift */; };
		0671BEE82BBC76BC007FDE13 /* Tela4.swift in Sources */ = {isa = PBXBuildFile; fileRef = 0671BEE72BBC76BC007FDE13 /* Tela4.swift */; };
/* End PBXBuildFile section */

/* Begin PBXFileReference section */
		0671BED02BBC6F5E007FDE13 /* Aula03 desafio simbolos.app */ = {isa = PBXFileReference; explicitFileType = wrapper.application; includeInIndex = 0; path = "Aula03 desafio simbolos.app"; sourceTree = BUILT_PRODUCTS_DIR; };
		0671BED32BBC6F5E007FDE13 /* Aula03_desafio_simbolosApp.swift */ = {isa = PBXFileReference; lastKnownFileType = sourcecode.swift; path = Aula03_desafio_simbolosApp.swift; sourceTree = "<group>"; };
		0671BED52BBC6F5E007FDE13 /* ContentView.swift */ = {isa = PBXFileReference; lastKnownFileType = sourcecode.swift; path = ContentView.swift; sourceTree = "<group>"; };
		0671BED72BBC6F60007FDE13 /* Assets.xcassets */ = {isa = PBXFileReference; lastKnownFileType = folder.assetcatalog; path = Assets.xcassets; sourceTree = "<group>"; };
		0671BEDA2BBC6F60007FDE13 /* Preview Assets.xcassets */ = {isa = PBXFileReference; lastKnownFileType = folder.assetcatalog; path = "Preview Assets.xcassets"; sourceTree = "<group>"; };
		0671BEE12BBC7465007FDE13 /* Tela1.swift */ = {isa = PBXFileReference; lastKnownFileType = sourcecode.swift; path = Tela1.swift; sourceTree = "<group>"; };
		0671BEE32BBC75C8007FDE13 /* Tela2.swift */ = {isa = PBXFileReference; lastKnownFileType = sourcecode.swift; path = Tela2.swift; sourceTree = "<group>"; };
		0671BEE52BBC75FC007FDE13 /* Tela3.swift */ = {isa = PBXFileReference; lastKnownFileType = sourcecode.swift; path = Tela3.swift; sourceTree = "<group>"; };
		0671BEE72BBC76BC007FDE13 /* Tela4.swift */ = {isa = PBXFileReference; lastKnownFileType = sourcecode.swift; path = Tela4.swift; sourceTree = "<group>"; };
/* End PBXFileReference section */

/* Begin PBXFrameworksBuildPhase section */
		0671BECD2BBC6F5E007FDE13 /* Frameworks */ = {
			isa = PBXFrameworksBuildPhase;
			buildActionMask = 2147483647;
			files = (
			);
			runOnlyForDeploymentPostprocessing = 0;
		};
/* End PBXFrameworksBuildPhase section */

/* Begin PBXGroup section */
		0671BEC72BBC6F5E007FDE13 = {
			isa = PBXGroup;
			children = (
				0671BED22BBC6F5E007FDE13 /* Aula03 desafio simbolos */,
				0671BED12BBC6F5E007FDE13 /* Products */,
			);
			sourceTree = "<group>";
		};
		0671BED12BBC6F5E007FDE13 /* Products */ = {
			isa = PBXGroup;
			children = (
				0671BED02BBC6F5E007FDE13 /* Aula03 desafio simbolos.app */,
			);
			name = Products;
			sourceTree = "<group>";
		};
		0671BED22BBC6F5E007FDE13 /* Aula03 desafio simbolos */ = {
			isa = PBXGroup;
			children = (
				0671BED32BBC6F5E007FDE13 /* Aula03_desafio_simbolosApp.swift */,
				0671BED52BBC6F5E007FDE13 /* ContentView.swift */,
				0671BEE12BBC7465007FDE13 /* Tela1.swift */,
				0671BEE32BBC75C8007FDE13 /* Tela2.swift */,
				0671BEE52BBC75FC007FDE13 /* Tela3.swift */,
				0671BED72BBC6F60007FDE13 /* Assets.xcassets */,
				0671BED92BBC6F60007FDE13 /* Preview Content */,
				0671BEE72BBC76BC007FDE13 /* Tela4.swift */,
			);
			path = "Aula03 desafio simbolos";
			sourceTree = "<group>";
		};
		0671BED92BBC6F60007FDE13 /* Preview Content */ = {
			isa = PBXGroup;
			children = (
				0671BEDA2BBC6F60007FDE13 /* Preview Assets.xcassets */,
			);
			path = "Preview Content";
			sourceTree = "<group>";
		};
/* End PBXGroup section */

/* Begin PBXNativeTarget section */
		0671BECF2BBC6F5E007FDE13 /* Aula03 desafio simbolos */ = {
			isa = PBXNativeTarget;
			buildConfigurationList = 0671BEDE2BBC6F60007FDE13 /* Build configuration list for PBXNativeTarget "Aula03 desafio simbolos" */;
			buildPhases = (
				0671BECC2BBC6F5E007FDE13 /* Sources */,
				0671BECD2BBC6F5E007FDE13 /* Frameworks */,
				0671BECE2BBC6F5E007FDE13 /* Resources */,
			);
			buildRules = (
			);
			dependencies = (
			);
			name = "Aula03 desafio simbolos";
			productName = "Aula03 desafio simbolos";
			productReference = 0671BED02BBC6F5E007FDE13 /* Aula03 desafio simbolos.app */;
			productType = "com.apple.product-type.application";
		};
/* End PBXNativeTarget section */

/* Begin PBXProject section */
		0671BEC82BBC6F5E007FDE13 /* Project object */ = {
			isa = PBXProject;
			attributes = {
				BuildIndependentTargetsInParallel = 1;
				LastSwiftUpdateCheck = 1520;
				LastUpgradeCheck = 1520;
				TargetAttributes = {
					0671BECF2BBC6F5E007FDE13 = {
						CreatedOnToolsVersion = 15.2;
					};
				};
			};
			buildConfigurationList = 0671BECB2BBC6F5E007FDE13 /* Build configuration list for PBXProject "Aula03 desafio simbolos" */;
			compatibilityVersion = "Xcode 14.0";
			developmentRegion = en;
			hasScannedForEncodings = 0;
			knownRegions = (
				en,
				Base,
			);
			mainGroup = 0671BEC72BBC6F5E007FDE13;
			productRefGroup = 0671BED12BBC6F5E007FDE13 /* Products */;
			projectDirPath = "";
			projectRoot = "";
			targets = (
				0671BECF2BBC6F5E007FDE13 /* Aula03 desafio simbolos */,
			);
		};
/* End PBXProject section */

/* Begin PBXResourcesBuildPhase section */
		0671BECE2BBC6F5E007FDE13 /* Resources */ = {
			isa = PBXResourcesBuildPhase;
			buildActionMask = 2147483647;
			files = (
				0671BEDB2BBC6F60007FDE13 /* Preview Assets.xcassets in Resources */,
				0671BED82BBC6F60007FDE13 /* Assets.xcassets in Resources */,
			);
			runOnlyForDeploymentPostprocessing = 0;
		};
/* End PBXResourcesBuildPhase section */

/* Begin PBXSourcesBuildPhase section */
		0671BECC2BBC6F5E007FDE13 /* Sources */ = {
			isa = PBXSourcesBuildPhase;
			buildActionMask = 2147483647;
			files = (
				0671BED62BBC6F5E007FDE13 /* ContentView.swift in Sources */,
				0671BEE62BBC75FC007FDE13 /* Tela3.swift in Sources */,
				0671BEE22BBC7465007FDE13 /* Tela1.swift in Sources */,
				0671BEE42BBC75C8007FDE13 /* Tela2.swift in Sources */,
				0671BEE82BBC76BC007FDE13 /* Tela4.swift in Sources */,
				0671BED42BBC6F5E007FDE13 /* Aula03_desafio_simbolosApp.swift in Sources */,
			);
			runOnlyForDeploymentPostprocessing = 0;
		};
/* End PBXSourcesBuildPhase section */

/* Begin XCBuildConfiguration section */
		0671BEDC2BBC6F60007FDE13 /* Debug */ = {
			isa = XCBuildConfiguration;
			buildSettings = {
				ALWAYS_SEARCH_USER_PATHS = NO;
				ASSETCATALOG_COMPILER_GENERATE_SWIFT_ASSET_SYMBOL_EXTENSIONS = YES;
				CLANG_ANALYZER_NONNULL = YES;
				CLANG_ANALYZER_NUMBER_OBJECT_CONVERSION = YES_AGGRESSIVE;
				CLANG_CXX_LANGUAGE_STANDARD = "gnu++20";
				CLANG_ENABLE_MODULES = YES;
				CLANG_ENABLE_OBJC_ARC = YES;
				CLANG_ENABLE_OBJC_WEAK = YES;
				CLANG_WARN_BLOCK_CAPTURE_AUTORELEASING = YES;
				CLANG_WARN_BOOL_CONVERSION = YES;
				CLANG_WARN_COMMA = YES;
				CLANG_WARN_CONSTANT_CONVERSION = YES;
				CLANG_WARN_DEPRECATED_OBJC_IMPLEMENTATIONS = YES;
				CLANG_WARN_DIRECT_OBJC_ISA_USAGE = YES_ERROR;
				CLANG_WARN_DOCUMENTATION_COMMENTS = YES;
				CLANG_WARN_EMPTY_BODY = YES;
				CLANG_WARN_ENUM_CONVERSION = YES;
				CLANG_WARN_INFINITE_RECURSION = YES;
				CLANG_WARN_INT_CONVERSION = YES;
				CLANG_WARN_NON_LITERAL_NULL_CONVERSION = YES;
				CLANG_WARN_OBJC_IMPLICIT_RETAIN_SELF = YES;
				CLANG_WARN_OBJC_LITERAL_CONVERSION = YES;
				CLANG_WARN_OBJC_ROOT_CLASS = YES_ERROR;
				CLANG_WARN_QUOTED_INCLUDE_IN_FRAMEWORK_HEADER = YES;
				CLANG_WARN_RANGE_LOOP_ANALYSIS = YES;
				CLANG_WARN_STRICT_PROTOTYPES = YES;
				CLANG_WARN_SUSPICIOUS_MOVE = YES;
				CLANG_WARN_UNGUARDED_AVAILABILITY = YES_AGGRESSIVE;
				CLANG_WARN_UNREACHABLE_CODE = YES;
				CLANG_WARN__DUPLICATE_METHOD_MATCH = YES;
				COPY_PHASE_STRIP = NO;
				DEBUG_INFORMATION_FORMAT = dwarf;
				ENABLE_STRICT_OBJC_MSGSEND = YES;
				ENABLE_TESTABILITY = YES;
				ENABLE_USER_SCRIPT_SANDBOXING = YES;
				GCC_C_LANGUAGE_STANDARD = gnu17;
				GCC_DYNAMIC_NO_PIC = NO;
				GCC_NO_COMMON_BLOCKS = YES;
				GCC_OPTIMIZATION_LEVEL = 0;
				GCC_PREPROCESSOR_DEFINITIONS = (
					"DEBUG=1",
					"$(inherited)",
				);
				GCC_WARN_64_TO_32_BIT_CONVERSION = YES;
				GCC_WARN_ABOUT_RETURN_TYPE = YES_ERROR;
				GCC_WARN_UNDECLARED_SELECTOR = YES;
				GCC_WARN_UNINITIALIZED_AUTOS = YES_AGGRESSIVE;
				GCC_WARN_UNUSED_FUNCTION = YES;
				GCC_WARN_UNUSED_VARIABLE = YES;
				IPHONEOS_DEPLOYMENT_TARGET = 17.2;
				LOCALIZATION_PREFERS_STRING_CATALOGS = YES;
				MTL_ENABLE_DEBUG_INFO = INCLUDE_SOURCE;
				MTL_FAST_MATH = YES;
				ONLY_ACTIVE_ARCH = YES;
				SDKROOT = iphoneos;
				SWIFT_ACTIVE_COMPILATION_CONDITIONS = "DEBUG $(inherited)";
				SWIFT_OPTIMIZATION_LEVEL = "-Onone";
			};
			name = Debug;
		};
		0671BEDD2BBC6F60007FDE13 /* Release */ = {
			isa = XCBuildConfiguration;
			buildSettings = {
				ALWAYS_SEARCH_USER_PATHS = NO;
				ASSETCATALOG_COMPILER_GENERATE_SWIFT_ASSET_SYMBOL_EXTENSIONS = YES;
				CLANG_ANALYZER_NONNULL = YES;
				CLANG_ANALYZER_NUMBER_OBJECT_CONVERSION = YES_AGGRESSIVE;
				CLANG_CXX_LANGUAGE_STANDARD = "gnu++20";
				CLANG_ENABLE_MODULES = YES;
				CLANG_ENABLE_OBJC_ARC = YES;
				CLANG_ENABLE_OBJC_WEAK = YES;
				CLANG_WARN_BLOCK_CAPTURE_AUTORELEASING = YES;
				CLANG_WARN_BOOL_CONVERSION = YES;
				CLANG_WARN_COMMA = YES;
				CLANG_WARN_CONSTANT_CONVERSION = YES;
				CLANG_WARN_DEPRECATED_OBJC_IMPLEMENTATIONS = YES;
				CLANG_WARN_DIRECT_OBJC_ISA_USAGE = YES_ERROR;
				CLANG_WARN_DOCUMENTATION_COMMENTS = YES;
				CLANG_WARN_EMPTY_BODY = YES;
				CLANG_WARN_ENUM_CONVERSION = YES;
				CLANG_WARN_INFINITE_RECURSION = YES;
				CLANG_WARN_INT_CONVERSION = YES;
				CLANG_WARN_NON_LITERAL_NULL_CONVERSION = YES;
				CLANG_WARN_OBJC_IMPLICIT_RETAIN_SELF = YES;
				CLANG_WARN_OBJC_LITERAL_CONVERSION = YES;
				CLANG_WARN_OBJC_ROOT_CLASS = YES_ERROR;
				CLANG_WARN_QUOTED_INCLUDE_IN_FRAMEWORK_HEADER = YES;
				CLANG_WARN_RANGE_LOOP_ANALYSIS = YES;
				CLANG_WARN_STRICT_PROTOTYPES = YES;
				CLANG_WARN_SUSPICIOUS_MOVE = YES;
				CLANG_WARN_UNGUARDED_AVAILABILITY = YES_AGGRESSIVE;
				CLANG_WARN_UNREACHABLE_CODE = YES;
				CLANG_WARN__DUPLICATE_METHOD_MATCH = YES;
				COPY_PHASE_STRIP = NO;
				DEBUG_INFORMATION_FORMAT = "dwarf-with-dsym";
				ENABLE_NS_ASSERTIONS = NO;
				ENABLE_STRICT_OBJC_MSGSEND = YES;
				ENABLE_USER_SCRIPT_SANDBOXING = YES;
				GCC_C_LANGUAGE_STANDARD = gnu17;
				GCC_NO_COMMON_BLOCKS = YES;
				GCC_WARN_64_TO_32_BIT_CONVERSION = YES;
				GCC_WARN_ABOUT_RETURN_TYPE = YES_ERROR;
				GCC_WARN_UNDECLARED_SELECTOR = YES;
				GCC_WARN_UNINITIALIZED_AUTOS = YES_AGGRESSIVE;
				GCC_WARN_UNUSED_FUNCTION = YES;
				GCC_WARN_UNUSED_VARIABLE = YES;
				IPHONEOS_DEPLOYMENT_TARGET = 17.2;
				LOCALIZATION_PREFERS_STRING_CATALOGS = YES;
				MTL_ENABLE_DEBUG_INFO = NO;
				MTL_FAST_MATH = YES;
				SDKROOT = iphoneos;
				SWIFT_COMPILATION_MODE = wholemodule;
				VALIDATE_PRODUCT = YES;
			};
			name = Release;
		};
		0671BEDF2BBC6F60007FDE13 /* Debug */ = {
			isa = XCBuildConfiguration;
			buildSettings = {
				ASSETCATALOG_COMPILER_APPICON_NAME = AppIcon;
				ASSETCATALOG_COMPILER_GLOBAL_ACCENT_COLOR_NAME = AccentColor;
				CODE_SIGN_STYLE = Automatic;
				CURRENT_PROJECT_VERSION = 1;
				DEVELOPMENT_ASSET_PATHS = "\"Aula03 desafio simbolos/Preview Content\"";
				ENABLE_PREVIEWS = YES;
				GENERATE_INFOPLIST_FILE = YES;
				INFOPLIST_KEY_UIApplicationSceneManifest_Generation = YES;
				INFOPLIST_KEY_UIApplicationSupportsIndirectInputEvents = YES;
				INFOPLIST_KEY_UILaunchScreen_Generation = YES;
				INFOPLIST_KEY_UISupportedInterfaceOrientations_iPad = "UIInterfaceOrientationPortrait UIInterfaceOrientationPortraitUpsideDown UIInterfaceOrientationLandscapeLeft UIInterfaceOrientationLandscapeRight";
				INFOPLIST_KEY_UISupportedInterfaceOrientations_iPhone = "UIInterfaceOrientationPortrait UIInterfaceOrientationLandscapeLeft UIInterfaceOrientationLandscapeRight";
				LD_RUNPATH_SEARCH_PATHS = (
					"$(inherited)",
					"@executable_path/Frameworks",
				);
				MARKETING_VERSION = 1.0;
				PRODUCT_BUNDLE_IDENTIFIER = "Fabio.Aula03-desafio-simbolos";
				PRODUCT_NAME = "$(TARGET_NAME)";
				SWIFT_EMIT_LOC_STRINGS = YES;
				SWIFT_VERSION = 5.0;
				TARGETED_DEVICE_FAMILY = "1,2";
			};
			name = Debug;
		};
		0671BEE02BBC6F60007FDE13 /* Release */ = {
			isa = XCBuildConfiguration;
			buildSettings = {
				ASSETCATALOG_COMPILER_APPICON_NAME = AppIcon;
				ASSETCATALOG_COMPILER_GLOBAL_ACCENT_COLOR_NAME = AccentColor;
				CODE_SIGN_STYLE = Automatic;
				CURRENT_PROJECT_VERSION = 1;
				DEVELOPMENT_ASSET_PATHS = "\"Aula03 desafio simbolos/Preview Content\"";
				ENABLE_PREVIEWS = YES;
				GENERATE_INFOPLIST_FILE = YES;
				INFOPLIST_KEY_UIApplicationSceneManifest_Generation = YES;
				INFOPLIST_KEY_UIApplicationSupportsIndirectInputEvents = YES;
				INFOPLIST_KEY_UILaunchScreen_Generation = YES;
				INFOPLIST_KEY_UISupportedInterfaceOrientations_iPad = "UIInterfaceOrientationPortrait UIInterfaceOrientationPortraitUpsideDown UIInterfaceOrientationLandscapeLeft UIInterfaceOrientationLandscapeRight";
				INFOPLIST_KEY_UISupportedInterfaceOrientations_iPhone = "UIInterfaceOrientationPortrait UIInterfaceOrientationLandscapeLeft UIInterfaceOrientationLandscapeRight";
				LD_RUNPATH_SEARCH_PATHS = (
					"$(inherited)",
					"@executable_path/Frameworks",
				);
				MARKETING_VERSION = 1.0;
				PRODUCT_BUNDLE_IDENTIFIER = "Fabio.Aula03-desafio-simbolos";
				PRODUCT_NAME = "$(TARGET_NAME)";
				SWIFT_EMIT_LOC_STRINGS = YES;
				SWIFT_VERSION = 5.0;
				TARGETED_DEVICE_FAMILY = "1,2";
			};
			name = Release;
		};
/* End XCBuildConfiguration section */

/* Begin XCConfigurationList section */
		0671BECB2BBC6F5E007FDE13 /* Build configuration list for PBXProject "Aula03 desafio simbolos" */ = {
			isa = XCConfigurationList;
			buildConfigurations = (
				0671BEDC2BBC6F60007FDE13 /* Debug */,
				0671BEDD2BBC6F60007FDE13 /* Release */,
			);
			defaultConfigurationIsVisible = 0;
			defaultConfigurationName = Release;
		};
		0671BEDE2BBC6F60007FDE13 /* Build configuration list for PBXNativeTarget "Aula03 desafio simbolos" */ = {
			isa = XCConfigurationList;
			buildConfigurations = (
				0671BEDF2BBC6F60007FDE13 /* Debug */,
				0671BEE02BBC6F60007FDE13 /* Release */,
			);
			defaultConfigurationIsVisible = 0;
			defaultConfigurationName = Release;
		};
/* End XCConfigurationList section */
	};
	rootObject = 0671BEC82BBC6F5E007FDE13 /* Project object */;
}
